{
  "originHash" : "6255d773d71a4b1fea46d8c60599353c3b9436146b8b3f63ccc0045f7c71b697",
  "pins" : [
    {
      "identity" : "swiftui-gif",
      "kind" : "remoteSourceControl",
      "location" : "https://github.com/globulus/swiftui-gif",
      "state" : {
        "revision" : "471d37db548e79bdd62e7702dbceaf28ea1103f9",
        "version" : "1.1.0"
      }
    },
    {
      "identity" : "swiftui-introspect",
      "kind" : "remoteSourceControl",
      "location" : "https://github.com/siteline/swiftui-introspect",
      "state" : {
        "revision" : "9e1cc02a65b22e09a8251261cccbccce02731fc5",
        "version" : "1.1.1"
      }
    },
    {
      "identity" : "swiftui-navigation-transitions",
      "kind" : "remoteSourceControl",
      "location" : "https://github.com/davdroman/swiftui-navigation-transitions.git",
      "state" : {
        "revision" : "a6a3c70ad5d771bd1e927fb55897231cd9592024",
        "version" : "0.13.3"
      }
    }
  ],
  "version" : 3
}
