// !$*UTF8*$!
{
	archiveVersion = 1;
	classes = {
	};
	objectVersion = 56;
	objects = {

/* Begin PBXBuildFile section */
		160D90592B1F9D51002D61A0 /* TopBar.swift in Sources */ = {isa = PBXBuildFile; fileRef = 160D90582B1F9D51002D61A0 /* TopBar.swift */; };
		1613C7D52B2130C1008F6C21 /* SwiftUIIntrospect in Frameworks */ = {isa = PBXBuildFile; productRef = 1613C7D42B2130C1008F6C21 /* SwiftUIIntrospect */; };
		1613C7D72B2130C1008F6C21 /* SwiftUIIntrospect-Dynamic in Frameworks */ = {isa = PBXBuildFile; productRef = 1613C7D62B2130C1008F6C21 /* SwiftUIIntrospect-Dynamic */; };
		1613C7D92B2130C2008F6C21 /* SwiftUIIntrospect-Static in Frameworks */ = {isa = PBXBuildFile; productRef = 1613C7D82B2130C2008F6C21 /* SwiftUIIntrospect-Static */; };
		1632847B2AFD4BF200D94C32 /* IntegralCF-Regular.otf in Resources */ = {isa = PBXBuildFile; fileRef = 1632847A2AFD4BF200D94C32 /* IntegralCF-Regular.otf */; };
		163284802AFD592F00D94C32 /* category.swift in Sources */ = {isa = PBXBuildFile; fileRef = 1632847F2AFD592F00D94C32 /* category.swift */; };
		163284822AFE84B900D94C32 /* AddCategory.swift in Sources */ = {isa = PBXBuildFile; fileRef = 163284812AFE84B900D94C32 /* AddCategory.swift */; };
		16547B5D2B2227C100C2E67B /* timer.swift in Sources */ = {isa = PBXBuildFile; fileRef = 16547B5C2B2227C100C2E67B /* timer.swift */; };
		168C06462B407D7500BEE44F /* StartButton.swift in Sources */ = {isa = PBXBuildFile; fileRef = 168C06452B407D7500BEE44F /* StartButton.swift */; };
		168C06482B40807600BEE44F /* HomeWheelSelectors.swift in Sources */ = {isa = PBXBuildFile; fileRef = 168C06472B40807600BEE44F /* HomeWheelSelectors.swift */; };
		16A67EC32B03BA6E00E57C65 /* Profile.swift in Sources */ = {isa = PBXBuildFile; fileRef = 16A67EC22B03BA6E00E57C65 /* Profile.swift */; };
		16A67EC52B03BD6B00E57C65 /* user.swift in Sources */ = {isa = PBXBuildFile; fileRef = 16A67EC42B03BD6B00E57C65 /* user.swift */; };
		16A67EC72B03BE3D00E57C65 /* session.swift in Sources */ = {isa = PBXBuildFile; fileRef = 16A67EC62B03BE3D00E57C65 /* session.swift */; };
		16A67ECB2B06895900E57C65 /* CategoryWStats.swift in Sources */ = {isa = PBXBuildFile; fileRef = 16A67ECA2B06895900E57C65 /* CategoryWStats.swift */; };
		16A9E0322AED51AB000C8EA8 /* Project_PegasusApp.swift in Sources */ = {isa = PBXBuildFile; fileRef = 16A9E0312AED51AB000C8EA8 /* Project_PegasusApp.swift */; };
		16A9E0342AED51AB000C8EA8 /* ContentView.swift in Sources */ = {isa = PBXBuildFile; fileRef = 16A9E0332AED51AB000C8EA8 /* ContentView.swift */; };
		16A9E0362AED51AC000C8EA8 /* Assets.xcassets in Resources */ = {isa = PBXBuildFile; fileRef = 16A9E0352AED51AC000C8EA8 /* Assets.xcassets */; };
		16A9E0392AED51AC000C8EA8 /* Preview Assets.xcassets in Resources */ = {isa = PBXBuildFile; fileRef = 16A9E0382AED51AC000C8EA8 /* Preview Assets.xcassets */; };
		16A9E0422AED525D000C8EA8 /* Start.swift in Sources */ = {isa = PBXBuildFile; fileRef = 16A9E0412AED525D000C8EA8 /* Start.swift */; };
		16A9E0802AED67D1000C8EA8 /* IntegralCF-Bold.ttf in Resources */ = {isa = PBXBuildFile; fileRef = 16A9E07F2AED67D1000C8EA8 /* IntegralCF-Bold.ttf */; };
		16A9E0832AED7381000C8EA8 /* CategoryButtonStyle.swift in Sources */ = {isa = PBXBuildFile; fileRef = 16A9E0822AED7381000C8EA8 /* CategoryButtonStyle.swift */; };
		16D6AC822B2B223100F66DB8 /* RunningTimer.swift in Sources */ = {isa = PBXBuildFile; fileRef = 16D6AC812B2B223100F66DB8 /* RunningTimer.swift */; };
		16EAB2722B1646D500E2249D /* CircularProgressBar.swift in Sources */ = {isa = PBXBuildFile; fileRef = 16EAB2712B1646D500E2249D /* CircularProgressBar.swift */; };
		16EAB2742B18C99B00E2249D /* Home.swift in Sources */ = {isa = PBXBuildFile; fileRef = 16EAB2732B18C99B00E2249D /* Home.swift */; };
/* End PBXBuildFile section */

/* Begin PBXCopyFilesBuildPhase section */
		160D90682B1FD215002D61A0 /* Embed Frameworks */ = {
			isa = PBXCopyFilesBuildPhase;
			buildActionMask = 12;
			dstPath = "";
			dstSubfolderSpec = 10;
			files = (
			);
			name = "Embed Frameworks";
			runOnlyForDeploymentPostprocessing = 0;
		};
/* End PBXCopyFilesBuildPhase section */

/* Begin PBXFileReference section */
		160D90582B1F9D51002D61A0 /* TopBar.swift */ = {isa = PBXFileReference; lastKnownFileType = sourcecode.swift; path = TopBar.swift; sourceTree = "<group>"; };
		1632847A2AFD4BF200D94C32 /* IntegralCF-Regular.otf */ = {isa = PBXFileReference; lastKnownFileType = file; path = "IntegralCF-Regular.otf"; sourceTree = "<group>"; };
		1632847F2AFD592F00D94C32 /* category.swift */ = {isa = PBXFileReference; lastKnownFileType = sourcecode.swift; path = category.swift; sourceTree = "<group>"; };
		163284812AFE84B900D94C32 /* AddCategory.swift */ = {isa = PBXFileReference; lastKnownFileType = sourcecode.swift; path = AddCategory.swift; sourceTree = "<group>"; };
		16547B5C2B2227C100C2E67B /* timer.swift */ = {isa = PBXFileReference; lastKnownFileType = sourcecode.swift; path = timer.swift; sourceTree = "<group>"; };
		168C06452B407D7500BEE44F /* StartButton.swift */ = {isa = PBXFileReference; lastKnownFileType = sourcecode.swift; path = StartButton.swift; sourceTree = "<group>"; };
		168C06472B40807600BEE44F /* HomeWheelSelectors.swift */ = {isa = PBXFileReference; lastKnownFileType = sourcecode.swift; path = HomeWheelSelectors.swift; sourceTree = "<group>"; };
		16A67EC22B03BA6E00E57C65 /* Profile.swift */ = {isa = PBXFileReference; lastKnownFileType = sourcecode.swift; path = Profile.swift; sourceTree = "<group>"; };
		16A67EC42B03BD6B00E57C65 /* user.swift */ = {isa = PBXFileReference; lastKnownFileType = sourcecode.swift; path = user.swift; sourceTree = "<group>"; };
		16A67EC62B03BE3D00E57C65 /* session.swift */ = {isa = PBXFileReference; lastKnownFileType = sourcecode.swift; path = session.swift; sourceTree = "<group>"; };
		16A67ECA2B06895900E57C65 /* CategoryWStats.swift */ = {isa = PBXFileReference; lastKnownFileType = sourcecode.swift; path = CategoryWStats.swift; sourceTree = "<group>"; };
		16A9E02E2AED51AB000C8EA8 /* Project Pegasus.app */ = {isa = PBXFileReference; explicitFileType = wrapper.application; includeInIndex = 0; path = "Project Pegasus.app"; sourceTree = BUILT_PRODUCTS_DIR; };
		16A9E0312AED51AB000C8EA8 /* Project_PegasusApp.swift */ = {isa = PBXFileReference; lastKnownFileType = sourcecode.swift; path = Project_PegasusApp.swift; sourceTree = "<group>"; };
		16A9E0332AED51AB000C8EA8 /* ContentView.swift */ = {isa = PBXFileReference; lastKnownFileType = sourcecode.swift; path = ContentView.swift; sourceTree = "<group>"; };
		16A9E0352AED51AC000C8EA8 /* Assets.xcassets */ = {isa = PBXFileReference; lastKnownFileType = folder.assetcatalog; path = Assets.xcassets; sourceTree = "<group>"; };
		16A9E0382AED51AC000C8EA8 /* Preview Assets.xcassets */ = {isa = PBXFileReference; lastKnownFileType = folder.assetcatalog; path = "Preview Assets.xcassets"; sourceTree = "<group>"; };
		16A9E0412AED525D000C8EA8 /* Start.swift */ = {isa = PBXFileReference; lastKnownFileType = sourcecode.swift; path = Start.swift; sourceTree = "<group>"; };
		16A9E07C2AED61E7000C8EA8 /* Project-Pegasus-Info.plist */ = {isa = PBXFileReference; lastKnownFileType = text.plist; path = "Project-Pegasus-Info.plist"; sourceTree = SOURCE_ROOT; };
		16A9E07F2AED67D1000C8EA8 /* IntegralCF-Bold.ttf */ = {isa = PBXFileReference; lastKnownFileType = file; path = "IntegralCF-Bold.ttf"; sourceTree = "<group>"; };
		16A9E0822AED7381000C8EA8 /* CategoryButtonStyle.swift */ = {isa = PBXFileReference; lastKnownFileType = sourcecode.swift; path = CategoryButtonStyle.swift; sourceTree = "<group>"; };
		16D6AC812B2B223100F66DB8 /* RunningTimer.swift */ = {isa = PBXFileReference; lastKnownFileType = sourcecode.swift; path = RunningTimer.swift; sourceTree = "<group>"; };
		16EAB2712B1646D500E2249D /* CircularProgressBar.swift */ = {isa = PBXFileReference; lastKnownFileType = sourcecode.swift; path = CircularProgressBar.swift; sourceTree = "<group>"; };
		16EAB2732B18C99B00E2249D /* Home.swift */ = {isa = PBXFileReference; lastKnownFileType = sourcecode.swift; path = Home.swift; sourceTree = "<group>"; };
		16EDE3DD2B333299002AAB31 /* Project Pegasus.entitlements */ = {isa = PBXFileReference; lastKnownFileType = text.plist.entitlements; path = "Project Pegasus.entitlements"; sourceTree = "<group>"; };
/* End PBXFileReference section */

/* Begin PBXFrameworksBuildPhase section */
		16A9E02B2AED51AB000C8EA8 /* Frameworks */ = {
			isa = PBXFrameworksBuildPhase;
			buildActionMask = 2147483647;
			files = (
				1613C7D52B2130C1008F6C21 /* SwiftUIIntrospect in Frameworks */,
				1613C7D72B2130C1008F6C21 /* SwiftUIIntrospect-Dynamic in Frameworks */,
				1613C7D92B2130C2008F6C21 /* SwiftUIIntrospect-Static in Frameworks */,
			);
			runOnlyForDeploymentPostprocessing = 0;
		};
/* End PBXFrameworksBuildPhase section */

/* Begin PBXGroup section */
		160D90692B1FD247002D61A0 /* Frameworks */ = {
			isa = PBXGroup;
			children = (
			);
			name = Frameworks;
			sourceTree = "<group>";
		};
		1632847C2AFD549E00D94C32 /* data */ = {
			isa = PBXGroup;
			children = (
				1632847F2AFD592F00D94C32 /* category.swift */,
				16A67EC42B03BD6B00E57C65 /* user.swift */,
				16A67EC62B03BE3D00E57C65 /* session.swift */,
			);
			path = data;
			sourceTree = "<group>";
		};
		16547B5B2B213FE500C2E67B /* timer */ = {
			isa = PBXGroup;
			children = (
				16547B5C2B2227C100C2E67B /* timer.swift */,
			);
			path = timer;
			sourceTree = "<group>";
		};
		16A67EC92B0688B900E57C65 /* pages */ = {
			isa = PBXGroup;
			children = (
				163284812AFE84B900D94C32 /* AddCategory.swift */,
				16A67EC22B03BA6E00E57C65 /* Profile.swift */,
				16EAB2732B18C99B00E2249D /* Home.swift */,
				16D6AC812B2B223100F66DB8 /* RunningTimer.swift */,
			);
			path = pages;
			sourceTree = "<group>";
		};
		16A9E0252AED51AA000C8EA8 = {
			isa = PBXGroup;
			children = (
				16A9E0302AED51AB000C8EA8 /* Project Pegasus */,
				16A9E02F2AED51AB000C8EA8 /* Products */,
				160D90692B1FD247002D61A0 /* Frameworks */,
			);
			sourceTree = "<group>";
		};
		16A9E02F2AED51AB000C8EA8 /* Products */ = {
			isa = PBXGroup;
			children = (
				16A9E02E2AED51AB000C8EA8 /* Project Pegasus.app */,
			);
			name = Products;
			sourceTree = "<group>";
		};
		16A9E0302AED51AB000C8EA8 /* Project Pegasus */ = {
			isa = PBXGroup;
			children = (
				16EDE3DD2B333299002AAB31 /* Project Pegasus.entitlements */,
				16547B5B2B213FE500C2E67B /* timer */,
				16A67EC92B0688B900E57C65 /* pages */,
				16A9E03F2AED51F4000C8EA8 /* components */,
				1632847C2AFD549E00D94C32 /* data */,
				16A9E0812AED7362000C8EA8 /* styles */,
				16A9E0792AED6009000C8EA8 /* fonts */,
				16A9E07C2AED61E7000C8EA8 /* Project-Pegasus-Info.plist */,
				16A9E0312AED51AB000C8EA8 /* Project_PegasusApp.swift */,
				16A9E0332AED51AB000C8EA8 /* ContentView.swift */,
				16A9E0352AED51AC000C8EA8 /* Assets.xcassets */,
				16A9E0372AED51AC000C8EA8 /* Preview Content */,
			);
			path = "Project Pegasus";
			sourceTree = "<group>";
		};
		16A9E0372AED51AC000C8EA8 /* Preview Content */ = {
			isa = PBXGroup;
			children = (
				16A9E0382AED51AC000C8EA8 /* Preview Assets.xcassets */,
			);
			path = "Preview Content";
			sourceTree = "<group>";
		};
		16A9E03F2AED51F4000C8EA8 /* components */ = {
			isa = PBXGroup;
			children = (
				16A9E0412AED525D000C8EA8 /* Start.swift */,
				16A67ECA2B06895900E57C65 /* CategoryWStats.swift */,
				16EAB2712B1646D500E2249D /* CircularProgressBar.swift */,
				160D90582B1F9D51002D61A0 /* TopBar.swift */,
				168C06452B407D7500BEE44F /* StartButton.swift */,
				168C06472B40807600BEE44F /* HomeWheelSelectors.swift */,
			);
			path = components;
			sourceTree = "<group>";
		};
		16A9E0792AED6009000C8EA8 /* fonts */ = {
			isa = PBXGroup;
			children = (
				1632847A2AFD4BF200D94C32 /* IntegralCF-Regular.otf */,
				16A9E07F2AED67D1000C8EA8 /* IntegralCF-Bold.ttf */,
			);
			path = fonts;
			sourceTree = "<group>";
		};
		16A9E0812AED7362000C8EA8 /* styles */ = {
			isa = PBXGroup;
			children = (
				16A9E0822AED7381000C8EA8 /* CategoryButtonStyle.swift */,
			);
			path = styles;
			sourceTree = "<group>";
		};
/* End PBXGroup section */

/* Begin PBXNativeTarget section */
		16A9E02D2AED51AB000C8EA8 /* Project Pegasus */ = {
			isa = PBXNativeTarget;
			buildConfigurationList = 16A9E03C2AED51AC000C8EA8 /* Build configuration list for PBXNativeTarget "Project Pegasus" */;
			buildPhases = (
				16A9E02A2AED51AB000C8EA8 /* Sources */,
				16A9E02B2AED51AB000C8EA8 /* Frameworks */,
				16A9E02C2AED51AB000C8EA8 /* Resources */,
				160D90682B1FD215002D61A0 /* Embed Frameworks */,
			);
			buildRules = (
			);
			dependencies = (
			);
			name = "Project Pegasus";
			packageProductDependencies = (
				1613C7D42B2130C1008F6C21 /* SwiftUIIntrospect */,
				1613C7D62B2130C1008F6C21 /* SwiftUIIntrospect-Dynamic */,
				1613C7D82B2130C2008F6C21 /* SwiftUIIntrospect-Static */,
			);
			productName = "Project Pegasus";
			productReference = 16A9E02E2AED51AB000C8EA8 /* Project Pegasus.app */;
			productType = "com.apple.product-type.application";
		};
/* End PBXNativeTarget section */

/* Begin PBXProject section */
		16A9E0262AED51AA000C8EA8 /* Project object */ = {
			isa = PBXProject;
			attributes = {
				BuildIndependentTargetsInParallel = 1;
				LastSwiftUpdateCheck = 1500;
				LastUpgradeCheck = 1500;
				TargetAttributes = {
					16A9E02D2AED51AB000C8EA8 = {
						CreatedOnToolsVersion = 15.0.1;
					};
				};
			};
			buildConfigurationList = 16A9E0292AED51AA000C8EA8 /* Build configuration list for PBXProject "Project Pegasus" */;
			compatibilityVersion = "Xcode 14.0";
			developmentRegion = en;
			hasScannedForEncodings = 0;
			knownRegions = (
				en,
				Base,
			);
			mainGroup = 16A9E0252AED51AA000C8EA8;
			packageReferences = (
				1613C7D32B2130C1008F6C21 /* XCRemoteSwiftPackageReference "swiftui-introspect" */,
			);
			productRefGroup = 16A9E02F2AED51AB000C8EA8 /* Products */;
			projectDirPath = "";
			projectRoot = "";
			targets = (
				16A9E02D2AED51AB000C8EA8 /* Project Pegasus */,
			);
		};
/* End PBXProject section */

/* Begin PBXResourcesBuildPhase section */
		16A9E02C2AED51AB000C8EA8 /* Resources */ = {
			isa = PBXResourcesBuildPhase;
			buildActionMask = 2147483647;
			files = (
				16A9E0392AED51AC000C8EA8 /* Preview Assets.xcassets in Resources */,
				16A9E0802AED67D1000C8EA8 /* IntegralCF-Bold.ttf in Resources */,
				16A9E0362AED51AC000C8EA8 /* Assets.xcassets in Resources */,
				1632847B2AFD4BF200D94C32 /* IntegralCF-Regular.otf in Resources */,
			);
			runOnlyForDeploymentPostprocessing = 0;
		};
/* End PBXResourcesBuildPhase section */

/* Begin PBXSourcesBuildPhase section */
		16A9E02A2AED51AB000C8EA8 /* Sources */ = {
			isa = PBXSourcesBuildPhase;
			buildActionMask = 2147483647;
			files = (
				16A9E0342AED51AB000C8EA8 /* ContentView.swift in Sources */,
				16A67EC72B03BE3D00E57C65 /* session.swift in Sources */,
				16D6AC822B2B223100F66DB8 /* RunningTimer.swift in Sources */,
				163284802AFD592F00D94C32 /* category.swift in Sources */,
				16A9E0422AED525D000C8EA8 /* Start.swift in Sources */,
				16A67EC32B03BA6E00E57C65 /* Profile.swift in Sources */,
				168C06462B407D7500BEE44F /* StartButton.swift in Sources */,
				16547B5D2B2227C100C2E67B /* timer.swift in Sources */,
				16EAB2722B1646D500E2249D /* CircularProgressBar.swift in Sources */,
				16A67ECB2B06895900E57C65 /* CategoryWStats.swift in Sources */,
				160D90592B1F9D51002D61A0 /* TopBar.swift in Sources */,
				16A67EC52B03BD6B00E57C65 /* user.swift in Sources */,
				16A9E0322AED51AB000C8EA8 /* Project_PegasusApp.swift in Sources */,
				16A9E0832AED7381000C8EA8 /* CategoryButtonStyle.swift in Sources */,
				16EAB2742B18C99B00E2249D /* Home.swift in Sources */,
				168C06482B40807600BEE44F /* HomeWheelSelectors.swift in Sources */,
				163284822AFE84B900D94C32 /* AddCategory.swift in Sources */,
			);
			runOnlyForDeploymentPostprocessing = 0;
		};
/* End PBXSourcesBuildPhase section */

/* Begin XCBuildConfiguration section */
		16A9E03A2AED51AC000C8EA8 /* Debug */ = {
			isa = XCBuildConfiguration;
			buildSettings = {
				ALWAYS_SEARCH_USER_PATHS = NO;
				ASSETCATALOG_COMPILER_GENERATE_SWIFT_ASSET_SYMBOL_EXTENSIONS = YES;
				CLANG_ANALYZER_NONNULL = YES;
				CLANG_ANALYZER_NUMBER_OBJECT_CONVERSION = YES_AGGRESSIVE;
				CLANG_CXX_LANGUAGE_STANDARD = "gnu++20";
				CLANG_ENABLE_MODULES = YES;
				CLANG_ENABLE_OBJC_ARC = YES;
				CLANG_ENABLE_OBJC_WEAK = YES;
				CLANG_WARN_BLOCK_CAPTURE_AUTORELEASING = YES;
				CLANG_WARN_BOOL_CONVERSION = YES;
				CLANG_WARN_COMMA = YES;
				CLANG_WARN_CONSTANT_CONVERSION = YES;
				CLANG_WARN_DEPRECATED_OBJC_IMPLEMENTATIONS = YES;
				CLANG_WARN_DIRECT_OBJC_ISA_USAGE = YES_ERROR;
				CLANG_WARN_DOCUMENTATION_COMMENTS = YES;
				CLANG_WARN_EMPTY_BODY = YES;
				CLANG_WARN_ENUM_CONVERSION = YES;
				CLANG_WARN_INFINITE_RECURSION = YES;
				CLANG_WARN_INT_CONVERSION = YES;
				CLANG_WARN_NON_LITERAL_NULL_CONVERSION = YES;
				CLANG_WARN_OBJC_IMPLICIT_RETAIN_SELF = YES;
				CLANG_WARN_OBJC_LITERAL_CONVERSION = YES;
				CLANG_WARN_OBJC_ROOT_CLASS = YES_ERROR;
				CLANG_WARN_QUOTED_INCLUDE_IN_FRAMEWORK_HEADER = YES;
				CLANG_WARN_RANGE_LOOP_ANALYSIS = YES;
				CLANG_WARN_STRICT_PROTOTYPES = YES;
				CLANG_WARN_SUSPICIOUS_MOVE = YES;
				CLANG_WARN_UNGUARDED_AVAILABILITY = YES_AGGRESSIVE;
				CLANG_WARN_UNREACHABLE_CODE = YES;
				CLANG_WARN__DUPLICATE_METHOD_MATCH = YES;
				COPY_PHASE_STRIP = NO;
				DEBUG_INFORMATION_FORMAT = dwarf;
				ENABLE_STRICT_OBJC_MSGSEND = YES;
				ENABLE_TESTABILITY = YES;
				ENABLE_USER_SCRIPT_SANDBOXING = YES;
				GCC_C_LANGUAGE_STANDARD = gnu17;
				GCC_DYNAMIC_NO_PIC = NO;
				GCC_NO_COMMON_BLOCKS = YES;
				GCC_OPTIMIZATION_LEVEL = 0;
				GCC_PREPROCESSOR_DEFINITIONS = (
					"DEBUG=1",
					"$(inherited)",
				);
				GCC_WARN_64_TO_32_BIT_CONVERSION = YES;
				GCC_WARN_ABOUT_RETURN_TYPE = YES_ERROR;
				GCC_WARN_UNDECLARED_SELECTOR = YES;
				GCC_WARN_UNINITIALIZED_AUTOS = YES_AGGRESSIVE;
				GCC_WARN_UNUSED_FUNCTION = YES;
				GCC_WARN_UNUSED_VARIABLE = YES;
				IPHONEOS_DEPLOYMENT_TARGET = 17.0;
				LOCALIZATION_PREFERS_STRING_CATALOGS = YES;
				MTL_ENABLE_DEBUG_INFO = INCLUDE_SOURCE;
				MTL_FAST_MATH = YES;
				ONLY_ACTIVE_ARCH = YES;
				SDKROOT = iphoneos;
				SWIFT_ACTIVE_COMPILATION_CONDITIONS = "DEBUG $(inherited)";
				SWIFT_OPTIMIZATION_LEVEL = "-Onone";
			};
			name = Debug;
		};
		16A9E03B2AED51AC000C8EA8 /* Release */ = {
			isa = XCBuildConfiguration;
			buildSettings = {
				ALWAYS_SEARCH_USER_PATHS = NO;
				ASSETCATALOG_COMPILER_GENERATE_SWIFT_ASSET_SYMBOL_EXTENSIONS = YES;
				CLANG_ANALYZER_NONNULL = YES;
				CLANG_ANALYZER_NUMBER_OBJECT_CONVERSION = YES_AGGRESSIVE;
				CLANG_CXX_LANGUAGE_STANDARD = "gnu++20";
				CLANG_ENABLE_MODULES = YES;
				CLANG_ENABLE_OBJC_ARC = YES;
				CLANG_ENABLE_OBJC_WEAK = YES;
				CLANG_WARN_BLOCK_CAPTURE_AUTORELEASING = YES;
				CLANG_WARN_BOOL_CONVERSION = YES;
				CLANG_WARN_COMMA = YES;
				CLANG_WARN_CONSTANT_CONVERSION = YES;
				CLANG_WARN_DEPRECATED_OBJC_IMPLEMENTATIONS = YES;
				CLANG_WARN_DIRECT_OBJC_ISA_USAGE = YES_ERROR;
				CLANG_WARN_DOCUMENTATION_COMMENTS = YES;
				CLANG_WARN_EMPTY_BODY = YES;
				CLANG_WARN_ENUM_CONVERSION = YES;
				CLANG_WARN_INFINITE_RECURSION = YES;
				CLANG_WARN_INT_CONVERSION = YES;
				CLANG_WARN_NON_LITERAL_NULL_CONVERSION = YES;
				CLANG_WARN_OBJC_IMPLICIT_RETAIN_SELF = YES;
				CLANG_WARN_OBJC_LITERAL_CONVERSION = YES;
				CLANG_WARN_OBJC_ROOT_CLASS = YES_ERROR;
				CLANG_WARN_QUOTED_INCLUDE_IN_FRAMEWORK_HEADER = YES;
				CLANG_WARN_RANGE_LOOP_ANALYSIS = YES;
				CLANG_WARN_STRICT_PROTOTYPES = YES;
				CLANG_WARN_SUSPICIOUS_MOVE = YES;
				CLANG_WARN_UNGUARDED_AVAILABILITY = YES_AGGRESSIVE;
				CLANG_WARN_UNREACHABLE_CODE = YES;
				CLANG_WARN__DUPLICATE_METHOD_MATCH = YES;
				COPY_PHASE_STRIP = NO;
				DEBUG_INFORMATION_FORMAT = "dwarf-with-dsym";
				ENABLE_NS_ASSERTIONS = NO;
				ENABLE_STRICT_OBJC_MSGSEND = YES;
				ENABLE_USER_SCRIPT_SANDBOXING = YES;
				GCC_C_LANGUAGE_STANDARD = gnu17;
				GCC_NO_COMMON_BLOCKS = YES;
				GCC_WARN_64_TO_32_BIT_CONVERSION = YES;
				GCC_WARN_ABOUT_RETURN_TYPE = YES_ERROR;
				GCC_WARN_UNDECLARED_SELECTOR = YES;
				GCC_WARN_UNINITIALIZED_AUTOS = YES_AGGRESSIVE;
				GCC_WARN_UNUSED_FUNCTION = YES;
				GCC_WARN_UNUSED_VARIABLE = YES;
				IPHONEOS_DEPLOYMENT_TARGET = 17.0;
				LOCALIZATION_PREFERS_STRING_CATALOGS = YES;
				MTL_ENABLE_DEBUG_INFO = NO;
				MTL_FAST_MATH = YES;
				SDKROOT = iphoneos;
				SWIFT_COMPILATION_MODE = wholemodule;
				VALIDATE_PRODUCT = YES;
			};
			name = Release;
		};
		16A9E03D2AED51AC000C8EA8 /* Debug */ = {
			isa = XCBuildConfiguration;
			buildSettings = {
				ASSETCATALOG_COMPILER_APPICON_NAME = AppIcon;
				ASSETCATALOG_COMPILER_GLOBAL_ACCENT_COLOR_NAME = AccentColor;
				CODE_SIGN_ENTITLEMENTS = "Project Pegasus/Project Pegasus.entitlements";
				CODE_SIGN_STYLE = Automatic;
				CURRENT_PROJECT_VERSION = 1;
				DEVELOPMENT_ASSET_PATHS = "\"Project Pegasus/Preview Content\"";
				DEVELOPMENT_TEAM = WM336XG96C;
				ENABLE_PREVIEWS = YES;
				GENERATE_INFOPLIST_FILE = YES;
				INFOPLIST_FILE = "Project-Pegasus-Info.plist";
				INFOPLIST_KEY_CFBundleDisplayName = Radical.;
				INFOPLIST_KEY_LSApplicationCategoryType = "public.app-category.productivity";
				INFOPLIST_KEY_UIApplicationSceneManifest_Generation = YES;
				INFOPLIST_KEY_UIApplicationSupportsIndirectInputEvents = YES;
				INFOPLIST_KEY_UILaunchScreen_Generation = YES;
				INFOPLIST_KEY_UIStatusBarStyle = UIStatusBarStyleDarkContent;
				INFOPLIST_KEY_UISupportedInterfaceOrientations = "UIInterfaceOrientationLandscapeLeft UIInterfaceOrientationLandscapeRight UIInterfaceOrientationPortrait UIInterfaceOrientationPortraitUpsideDown";
				LD_RUNPATH_SEARCH_PATHS = (
					"$(inherited)",
					"@executable_path/Frameworks",
				);
				MARKETING_VERSION = 1.0;
				PRODUCT_BUNDLE_IDENTIFIER = "com.example.Project-Pegasus";
				PRODUCT_NAME = "$(TARGET_NAME)";
				SUPPORTED_PLATFORMS = "iphoneos iphonesimulator";
				SUPPORTS_MACCATALYST = NO;
				SUPPORTS_MAC_DESIGNED_FOR_IPHONE_IPAD = NO;
				SWIFT_EMIT_LOC_STRINGS = YES;
				SWIFT_VERSION = 5.0;
				TARGETED_DEVICE_FAMILY = "1,2";
			};
			name = Debug;
		};
		16A9E03E2AED51AC000C8EA8 /* Release */ = {
			isa = XCBuildConfiguration;
			buildSettings = {
				ASSETCATALOG_COMPILER_APPICON_NAME = AppIcon;
				ASSETCATALOG_COMPILER_GLOBAL_ACCENT_COLOR_NAME = AccentColor;
				CODE_SIGN_ENTITLEMENTS = "Project Pegasus/Project Pegasus.entitlements";
				CODE_SIGN_STYLE = Automatic;
				CURRENT_PROJECT_VERSION = 1;
				DEVELOPMENT_ASSET_PATHS = "\"Project Pegasus/Preview Content\"";
				DEVELOPMENT_TEAM = WM336XG96C;
				ENABLE_PREVIEWS = YES;
				GENERATE_INFOPLIST_FILE = YES;
				INFOPLIST_FILE = "Project-Pegasus-Info.plist";
				INFOPLIST_KEY_CFBundleDisplayName = Radical.;
				INFOPLIST_KEY_LSApplicationCategoryType = "public.app-category.productivity";
				INFOPLIST_KEY_UIApplicationSceneManifest_Generation = YES;
				INFOPLIST_KEY_UIApplicationSupportsIndirectInputEvents = YES;
				INFOPLIST_KEY_UILaunchScreen_Generation = YES;
				INFOPLIST_KEY_UIStatusBarStyle = UIStatusBarStyleDarkContent;
				INFOPLIST_KEY_UISupportedInterfaceOrientations = "UIInterfaceOrientationLandscapeLeft UIInterfaceOrientationLandscapeRight UIInterfaceOrientationPortrait UIInterfaceOrientationPortraitUpsideDown";
				LD_RUNPATH_SEARCH_PATHS = (
					"$(inherited)",
					"@executable_path/Frameworks",
				);
				MARKETING_VERSION = 1.0;
				PRODUCT_BUNDLE_IDENTIFIER = "com.example.Project-Pegasus";
				PRODUCT_NAME = "$(TARGET_NAME)";
				SUPPORTED_PLATFORMS = "iphoneos iphonesimulator";
				SUPPORTS_MACCATALYST = NO;
				SUPPORTS_MAC_DESIGNED_FOR_IPHONE_IPAD = NO;
				SWIFT_EMIT_LOC_STRINGS = YES;
				SWIFT_VERSION = 5.0;
				TARGETED_DEVICE_FAMILY = "1,2";
			};
			name = Release;
		};
/* End XCBuildConfiguration section */

/* Begin XCConfigurationList section */
		16A9E0292AED51AA000C8EA8 /* Build configuration list for PBXProject "Project Pegasus" */ = {
			isa = XCConfigurationList;
			buildConfigurations = (
				16A9E03A2AED51AC000C8EA8 /* Debug */,
				16A9E03B2AED51AC000C8EA8 /* Release */,
			);
			defaultConfigurationIsVisible = 0;
			defaultConfigurationName = Release;
		};
		16A9E03C2AED51AC000C8EA8 /* Build configuration list for PBXNativeTarget "Project Pegasus" */ = {
			isa = XCConfigurationList;
			buildConfigurations = (
				16A9E03D2AED51AC000C8EA8 /* Debug */,
				16A9E03E2AED51AC000C8EA8 /* Release */,
			);
			defaultConfigurationIsVisible = 0;
			defaultConfigurationName = Release;
		};
/* End XCConfigurationList section */

/* Begin XCRemoteSwiftPackageReference section */
		1613C7D32B2130C1008F6C21 /* XCRemoteSwiftPackageReference "swiftui-introspect" */ = {
			isa = XCRemoteSwiftPackageReference;
			repositoryURL = "https://github.com/siteline/swiftui-introspect";
			requirement = {
				kind = upToNextMajorVersion;
				minimumVersion = 1.1.1;
			};
		};
/* End XCRemoteSwiftPackageReference section */

/* Begin XCSwiftPackageProductDependency section */
		1613C7D42B2130C1008F6C21 /* SwiftUIIntrospect */ = {
			isa = XCSwiftPackageProductDependency;
			package = 1613C7D32B2130C1008F6C21 /* XCRemoteSwiftPackageReference "swiftui-introspect" */;
			productName = SwiftUIIntrospect;
		};
		1613C7D62B2130C1008F6C21 /* SwiftUIIntrospect-Dynamic */ = {
			isa = XCSwiftPackageProductDependency;
			package = 1613C7D32B2130C1008F6C21 /* XCRemoteSwiftPackageReference "swiftui-introspect" */;
			productName = "SwiftUIIntrospect-Dynamic";
		};
		1613C7D82B2130C2008F6C21 /* SwiftUIIntrospect-Static */ = {
			isa = XCSwiftPackageProductDependency;
			package = 1613C7D32B2130C1008F6C21 /* XCRemoteSwiftPackageReference "swiftui-introspect" */;
			productName = "SwiftUIIntrospect-Static";
		};
/* End XCSwiftPackageProductDependency section */
	};
	rootObject = 16A9E0262AED51AA000C8EA8 /* Project object */;
}
